
Microsoft Visual Studio Solution File, Format Version 12.00
# Visual Studio 14
VisualStudioVersion = 14.0.25123.0
MinimumVisualStudioVersion = 10.0.40219.1
Project("{FAE04EC0-301F-11D3-BF4B-00C04F79EFBC}") = "GetMvcEndpointsCmdlet", "GetMvcEndpointsCmdlet\GetMvcEndpointsCmdlet.csproj", "{81F6FF88-63EA-4713-9899-C46F4F2FD702}"
EndProject
Project("{2150E333-8FDC-42A3-9474-1A3956D46DE8}") = "Solution Items", "Solution Items", "{4E553FB4-ACD7-4DA8-851C-395DDE959B43}"
	ProjectSection(SolutionItems) = preProject
		getmvc.ps1 = getmvc.ps1
	EndProjectSection
EndProject
Project("{FAE04EC0-301F-11D3-BF4B-00C04F79EFBC}") = "GetMvcEndpointsCmdlet.TestBench", "GetMvcEndpointsCmdlet.TestBench\GetMvcEndpointsCmdlet.TestBench.csproj", "{CADC9C46-FC46-4D90-9D25-6A9CB0BB291B}"
EndProject
Global
	GlobalSection(SolutionConfigurationPlatforms) = preSolution
		Debug|Any CPU = Debug|Any CPU
		Release|Any CPU = Release|Any CPU
	EndGlobalSection
	GlobalSection(ProjectConfigurationPlatforms) = postSolution
		{81F6FF88-63EA-4713-9899-C46F4F2FD702}.Debug|Any CPU.ActiveCfg = Debug|Any CPU
		{81F6FF88-63EA-4713-9899-C46F4F2FD702}.Debug|Any CPU.Build.0 = Debug|Any CPU
		{81F6FF88-63EA-4713-9899-C46F4F2FD702}.Release|Any CPU.ActiveCfg = Release|Any CPU
		{81F6FF88-63EA-4713-9899-C46F4F2FD702}.Release|Any CPU.Build.0 = Release|Any CPU
		{CADC9C46-FC46-4D90-9D25-6A9CB0BB291B}.Debug|Any CPU.ActiveCfg = Debug|Any CPU
		{CADC9C46-FC46-4D90-9D25-6A9CB0BB291B}.Debug|Any CPU.Build.0 = Debug|Any CPU
		{CADC9C46-FC46-4D90-9D25-6A9CB0BB291B}.Release|Any CPU.ActiveCfg = Release|Any CPU
		{CADC9C46-FC46-4D90-9D25-6A9CB0BB291B}.Release|Any CPU.Build.0 = Release|Any CPU
	EndGlobalSection
	GlobalSection(SolutionProperties) = preSolution
		HideSolutionNode = FALSE
	EndGlobalSection
EndGlobal
